
Microsoft Visual Studio Solution File, Format Version 12.00
Project("{FAE04EC0-301F-11D3-BF4B-00C04F79EFBC}") = "Task_3", "Task_3\Task_3.csproj", "{E8AADCB3-FB60-4210-BB3C-75B66607B97D}"
EndProject
Global
	GlobalSection(SolutionConfigurationPlatforms) = preSolution
		Debug|Any CPU = Debug|Any CPU
		Release|Any CPU = Release|Any CPU
	EndGlobalSection
	GlobalSection(ProjectConfigurationPlatforms) = postSolution
		{E8AADCB3-FB60-4210-BB3C-75B66607B97D}.Debug|Any CPU.ActiveCfg = Debug|Any CPU
		{E8AADCB3-FB60-4210-BB3C-75B66607B97D}.Debug|Any CPU.Build.0 = Debug|Any CPU
		{E8AADCB3-FB60-4210-BB3C-75B66607B97D}.Release|Any CPU.ActiveCfg = Release|Any CPU
		{E8AADCB3-FB60-4210-BB3C-75B66607B97D}.Release|Any CPU.Build.0 = Release|Any CPU
	EndGlobalSection
EndGlobal
